{
  "nodes": {
    "darwin": {
      "inputs": {
        "nixpkgs": [
          "nixpkgs"
        ]
      },
      "locked": {
        "lastModified": 1694810318,
        "narHash": "sha256-LuvrVj2oj9TzdnnwtQUClqcXjpgwCP01FFVBM7azGV8=",
        "owner": "lnl7",
        "repo": "nix-darwin",
        "rev": "80bb201f4925cdda5a7a3c7b1900fb26bb2af2e8",
        "type": "github"
      },
      "original": {
        "owner": "lnl7",
        "repo": "nix-darwin",
        "type": "github"
      }
    },
    "gitcm": {
      "flake": false,
      "locked": {
        "lastModified": 1695040789,
        "narHash": "sha256-X8JJxLaHXDK1a5HOyCyedFUDSQjHz/TxxmzrAKsEuOk=",
        "owner": "AntonyBlakey",
        "repo": "NUR",
        "rev": "05621052d7f290c12c1281339b6f898505ff35a6",
        "type": "github"
      },
      "original": {
        "owner": "AntonyBlakey",
        "repo": "NUR",
        "rev": "05621052d7f290c12c1281339b6f898505ff35a6",
        "type": "github"
      }
    },
    "home-manager": {
      "inputs": {
        "nixpkgs": [
          "nixpkgs"
        ]
      },
      "locked": {
        "lastModified": 1716563886,
        "narHash": "sha256-MKSVKxP50gEbdP60G0M5LampyVSIGT8FGGB88nKPmi8=",
        "owner": "nix-community",
        "repo": "home-manager",
        "rev": "00a86e4f7a6455ad58b7090a931f1c6097e4fcd7",
        "type": "github"
      },
      "original": {
        "owner": "nix-community",
        "ref": "release-24.05",
        "repo": "home-manager",
        "type": "github"
      }
    },
    "nixpkgs": {
      "locked": {
        "lastModified": 1716626074,
        "narHash": "sha256-61y/FgZksNyOk874iJrURCK+gyf6zjDwTHAmCEbQhMU=",
        "owner": "nixos",
        "repo": "nixpkgs",
        "rev": "e62719f4d211a3cad8ff7f0e9ec91008876932db",
        "type": "github"
      },
      "original": {
        "owner": "nixos",
        "ref": "nixpkgs-24.05-darwin",
        "repo": "nixpkgs",
        "type": "github"
      }
    },
    "nur": {
      "flake": false,
      "locked": {
        "lastModified": 1694886364,
        "narHash": "sha256-MbwCXmTpdBlJPuJwBmAI1wb/z9J84OC4M4d7hz7spSs=",
        "owner": "nix-community",
        "repo": "NUR",
        "rev": "40cd392b888a4d78044d733b9fee61710f749a05",
        "type": "github"
      },
      "original": {
        "owner": "nix-community",
        "repo": "NUR",
        "rev": "40cd392b888a4d78044d733b9fee61710f749a05",
        "type": "github"
      }
    },
    "root": {
      "inputs": {
        "darwin": "darwin",
        "gitcm": "gitcm",
        "home-manager": "home-manager",
        "nixpkgs": "nixpkgs",
        "nur": "nur"
      }
    }
  },
  "root": "root",
  "version": 7
}
